
Microsoft Visual Studio Solution File, Format Version 12.00
# Visual Studio Version 16
VisualStudioVersion = 16.0.31702.278
MinimumVisualStudioVersion = 10.0.40219.1
Project("{FAE04EC0-301F-11D3-BF4B-00C04F79EFBC}") = "CheckConsecutiveStudioRuns", "CheckConsecutiveStudioRuns\CheckConsecutiveStudioRuns.csproj", "{E7062324-1178-4641-B2D9-E7999BB713D7}"
EndProject
Project("{2150E333-8FDC-42A3-9474-1A3956D46DE8}") = "LatestBuilds", "LatestBuilds", "{487F2D5E-E482-4E48-8420-BC94EBCA8389}"
	ProjectSection(SolutionItems) = preProject
		CheckConsecutiveStudioRuns\CheckStudioRuns.0.0.31.nupkg = CheckConsecutiveStudioRuns\CheckStudioRuns.0.0.31.nupkg
	EndProjectSection
EndProject
Project("{9A19103F-16F7-4668-BE54-9A1E7A4F7556}") = "RuleTest", "RuleTest\RuleTest.csproj", "{968682F0-EC1D-4050-AF9E-55BA901058CA}"
EndProject
Project("{9A19103F-16F7-4668-BE54-9A1E7A4F7556}") = "CheckConsecutiveStudioRuns5", "CheckConsecutiveStudioRuns5.0\CheckConsecutiveStudioRuns5.csproj", "{C9CBB95C-DBAD-462F-B58B-B862B87B6AD8}"
EndProject
Project("{2150E333-8FDC-42A3-9474-1A3956D46DE8}") = "Solution Items", "Solution Items", "{18EA43FE-B4A3-406E-A0A3-D66105216D7A}"
	ProjectSection(SolutionItems) = preProject
		.editorconfig = .editorconfig
	EndProjectSection
EndProject
Global
	GlobalSection(SolutionConfigurationPlatforms) = preSolution
		Debug|Any CPU = Debug|Any CPU
		Debug|x64 = Debug|x64
		Release|Any CPU = Release|Any CPU
		Release|x64 = Release|x64
	EndGlobalSection
	GlobalSection(ProjectConfigurationPlatforms) = postSolution
		{E7062324-1178-4641-B2D9-E7999BB713D7}.Debug|Any CPU.ActiveCfg = Debug|Any CPU
		{E7062324-1178-4641-B2D9-E7999BB713D7}.Debug|Any CPU.Build.0 = Debug|Any CPU
		{E7062324-1178-4641-B2D9-E7999BB713D7}.Debug|x64.ActiveCfg = Debug|x64
		{E7062324-1178-4641-B2D9-E7999BB713D7}.Debug|x64.Build.0 = Debug|x64
		{E7062324-1178-4641-B2D9-E7999BB713D7}.Release|Any CPU.ActiveCfg = Release|Any CPU
		{E7062324-1178-4641-B2D9-E7999BB713D7}.Release|Any CPU.Build.0 = Release|Any CPU
		{E7062324-1178-4641-B2D9-E7999BB713D7}.Release|x64.ActiveCfg = Release|x64
		{E7062324-1178-4641-B2D9-E7999BB713D7}.Release|x64.Build.0 = Release|x64
		{968682F0-EC1D-4050-AF9E-55BA901058CA}.Debug|Any CPU.ActiveCfg = Debug|Any CPU
		{968682F0-EC1D-4050-AF9E-55BA901058CA}.Debug|Any CPU.Build.0 = Debug|Any CPU
		{968682F0-EC1D-4050-AF9E-55BA901058CA}.Debug|x64.ActiveCfg = Debug|x64
		{968682F0-EC1D-4050-AF9E-55BA901058CA}.Debug|x64.Build.0 = Debug|x64
		{968682F0-EC1D-4050-AF9E-55BA901058CA}.Release|Any CPU.ActiveCfg = Release|Any CPU
		{968682F0-EC1D-4050-AF9E-55BA901058CA}.Release|Any CPU.Build.0 = Release|Any CPU
		{968682F0-EC1D-4050-AF9E-55BA901058CA}.Release|x64.ActiveCfg = Release|x64
		{968682F0-EC1D-4050-AF9E-55BA901058CA}.Release|x64.Build.0 = Release|x64
		{C9CBB95C-DBAD-462F-B58B-B862B87B6AD8}.Debug|Any CPU.ActiveCfg = Debug|Any CPU
		{C9CBB95C-DBAD-462F-B58B-B862B87B6AD8}.Debug|Any CPU.Build.0 = Debug|Any CPU
		{C9CBB95C-DBAD-462F-B58B-B862B87B6AD8}.Debug|x64.ActiveCfg = Debug|Any CPU
		{C9CBB95C-DBAD-462F-B58B-B862B87B6AD8}.Debug|x64.Build.0 = Debug|Any CPU
		{C9CBB95C-DBAD-462F-B58B-B862B87B6AD8}.Release|Any CPU.ActiveCfg = Release|Any CPU
		{C9CBB95C-DBAD-462F-B58B-B862B87B6AD8}.Release|Any CPU.Build.0 = Release|Any CPU
		{C9CBB95C-DBAD-462F-B58B-B862B87B6AD8}.Release|x64.ActiveCfg = Release|Any CPU
		{C9CBB95C-DBAD-462F-B58B-B862B87B6AD8}.Release|x64.Build.0 = Release|Any CPU
	EndGlobalSection
	GlobalSection(SolutionProperties) = preSolution
		HideSolutionNode = FALSE
	EndGlobalSection
	GlobalSection(ExtensibilityGlobals) = postSolution
		SolutionGuid = {E5C5E33C-B8CF-442D-9452-59AFF0FCD80A}
	EndGlobalSection
EndGlobal
